
Microsoft Visual Studio Solution File, Format Version 12.00
# Visual Studio 2012
Project("{FAE04EC0-301F-11D3-BF4B-00C04F79EFBC}") = "TNP_SHOP", "TNP_SHOP\TNP_SHOP.csproj", "{D8DEDC71-AF18-4636-9602-22F3943D89ED}"
EndProject
Global
	GlobalSection(SolutionConfigurationPlatforms) = preSolution
		Debug|Any CPU = Debug|Any CPU
		Release|Any CPU = Release|Any CPU
	EndGlobalSection
	GlobalSection(ProjectConfigurationPlatforms) = postSolution
		{D8DEDC71-AF18-4636-9602-22F3943D89ED}.Debug|Any CPU.ActiveCfg = Debug|Any CPU
		{D8DEDC71-AF18-4636-9602-22F3943D89ED}.Debug|Any CPU.Build.0 = Debug|Any CPU
		{D8DEDC71-AF18-4636-9602-22F3943D89ED}.Release|Any CPU.ActiveCfg = Release|Any CPU
		{D8DEDC71-AF18-4636-9602-22F3943D89ED}.Release|Any CPU.Build.0 = Release|Any CPU
	EndGlobalSection
	GlobalSection(SolutionProperties) = preSolution
		HideSolutionNode = FALSE
	EndGlobalSection
EndGlobal
